# This file is generated by running "yarn install" inside your project.
# Manual changes might be lost - proceed with caution!

__metadata:
  version: 6
  cacheKey: 8

"@anthropic-ai/sdk@npm:^0.4.3":
  version: 0.4.3
  resolution: "@anthropic-ai/sdk@npm:0.4.3"
  dependencies:
    "@fortaine/fetch-event-source": ^3.0.6
    cross-fetch: ^3.1.5
  checksum: 57fa5c6262f8796cebd64f25b128bfdbfb1691bea6855928873d56c8463186a783a81c242320e222a20b90ae205020bdfb29bddea5ff2ba6d7d50533b3e1b15c
  languageName: node
  linkType: hard

"@discordjs/builders@npm:^1.6.0":
  version: 1.6.1
  resolution: "@discordjs/builders@npm:1.6.1"
  dependencies:
    "@discordjs/formatters": ^0.3.0
    "@discordjs/util": ^0.2.0
    "@sapphire/shapeshift": ^3.8.1
    discord-api-types: ^0.37.37
    fast-deep-equal: ^3.1.3
    ts-mixer: ^6.0.3
    tslib: ^2.5.0
  checksum: 057b5585d17e6273d99aa4cb356ca845d54785d95c0af05418f30eb933cf0b80043f7941effe7a593142c6817f47b893c5a973dfd95f3db24e0570666781e2d9
  languageName: node
  linkType: hard

"@discordjs/collection@npm:^1.5.0":
  version: 1.5.0
  resolution: "@discordjs/collection@npm:1.5.0"
  checksum: 072043743c5e5ef99033f1c227fd92f437a0665b8f0a5bfa26bacc6610963d03b54c45da0e0116ce30e4612efc52b2db0a0827f79091a135409237722db5400a
  languageName: node
  linkType: hard

"@discordjs/formatters@npm:^0.3.0":
  version: 0.3.0
  resolution: "@discordjs/formatters@npm:0.3.0"
  dependencies:
    discord-api-types: ^0.37.37
  checksum: cdf0d842f268a1b8c072522f58b0c77853e825964acb1e3b189f53d740d0d4ee4ed3b4be177ce4ab30a665bc1e6953348ab0d29b5fd52a0651e74eb63ad4be6d
  languageName: node
  linkType: hard

"@discordjs/rest@npm:^1.7.0":
  version: 1.7.0
  resolution: "@discordjs/rest@npm:1.7.0"
  dependencies:
    "@discordjs/collection": ^1.5.0
    "@discordjs/util": ^0.2.0
    "@sapphire/async-queue": ^1.5.0
    "@sapphire/snowflake": ^3.4.0
    discord-api-types: ^0.37.37
    file-type: ^18.2.1
    tslib: ^2.5.0
    undici: ^5.21.0
  checksum: 5d52ae02b77abafbcd70c650a9760625a7afab37875a7fc85404e1053e12745aeca819747ad4dbbaab78b1df0a33a050b980b1e91ba356c496bb0ea93d32e10f
  languageName: node
  linkType: hard

"@discordjs/util@npm:^0.2.0":
  version: 0.2.0
  resolution: "@discordjs/util@npm:0.2.0"
  checksum: 1e6c02a2881c98ccee2ffd34f487b751e1f16bce007e0a3e9fa538170c1ddb3d68e2b1d88c84b3406191ba9dfec3a999a828603a142c359703fc53482269e7fa
  languageName: node
  linkType: hard

"@dqbd/tiktoken@npm:^1.0.4":
  version: 1.0.6
  resolution: "@dqbd/tiktoken@npm:1.0.6"
  checksum: da37eeaba12f3e34a1c9bd5a368e3802a862022e13cd2c94aff73429318fd8363335fd656500a480211cfc3f897bb31b624a5aaee3b992674def61be5a103272
  languageName: node
  linkType: hard

"@fortaine/fetch-event-source@npm:^3.0.6":
  version: 3.0.6
  resolution: "@fortaine/fetch-event-source@npm:3.0.6"
  checksum: 6366ad31762170896417684c48536fcf0c27c5f64e090a2de932df55d67c86bdc3c9744e460b19ef1741eab4e4c69797cad1b72f7cf7a981cd17a66c7b0c4418
  languageName: node
  linkType: hard

"@llama-node/cli@npm:0.0.30":
  version: 0.0.30
  resolution: "@llama-node/cli@npm:0.0.30"
  dependencies:
    "@llama-node/core": 0.0.30
    yargs: ^17.7.1
  bin:
    llama: dist/index.js
  checksum: 078014100d436b9283e24de8e94e99aab229d8b9aef4c6e1526749a8804600e7e16b5c68b1299122366f98db567de8795664128d9cc072b8c599d91f955a8583
  languageName: node
  linkType: hard

"@llama-node/core@npm:0.0.30, @llama-node/core@npm:^0.0.30":
  version: 0.0.30
  resolution: "@llama-node/core@npm:0.0.30"
  checksum: cb59765119fe0a28e682839b9827fd95677c5f04474c84ec07ddfb26056dec9dd7d48f2cf7b4dc033bbcef514af760d3de05d6ed1ba07552bfba327cb7d31a86
  languageName: node
  linkType: hard

"@llama-node/llama-cpp@npm:0.0.30, @llama-node/llama-cpp@npm:^0.0.30":
  version: 0.0.30
  resolution: "@llama-node/llama-cpp@npm:0.0.30"
  checksum: 08274958b9fadc7cc86c9ea46b5f0879cda669ccb360e1a461877a875669bf58bd6dcc953b326dcf6a5580af0110d0f1ce5777e3650b112d6e6740153b59674a
  languageName: node
  linkType: hard

"@sapphire/async-queue@npm:^1.5.0":
  version: 1.5.0
  resolution: "@sapphire/async-queue@npm:1.5.0"
  checksum: 983dbd1fd1b1798496e5edb6a0db7e4d90015160e1028f20475eab0a92625513f1e8d938bc0305811a9cec461c94e01b1e4191615ff03ba49356f568f3255250
  languageName: node
  linkType: hard

"@sapphire/shapeshift@npm:^3.8.1":
  version: 3.8.2
  resolution: "@sapphire/shapeshift@npm:3.8.2"
  dependencies:
    fast-deep-equal: ^3.1.3
    lodash: ^4.17.21
  checksum: 5b2b26ad13a4c8c4b03a9500541df6c070776cf0a49cb7c752df147f63afc76976bc0d4c6f5977cf2597062b810557d7069e99c8e039bf22bf54d5d88da58de5
  languageName: node
  linkType: hard

"@sapphire/snowflake@npm:^3.4.0":
  version: 3.4.2
  resolution: "@sapphire/snowflake@npm:3.4.2"
  checksum: 3bcd05608a63f012538aa0a45bc6abe5b19e15979a1012a9b3af1e0901f897e4df83c80d484c87bd1dece1124f5a14a2f86427190b1dca7f116ee34f13c96788
  languageName: node
  linkType: hard

"@sern/handler@npm:^2.5.0":
  version: 2.6.2
  resolution: "@sern/handler@npm:2.6.2"
  dependencies:
    iti: ^0.6.0
    rxjs: ^7.8.0
    ts-results-es: ^3.6.0
  checksum: 3c86047f09dc0e77044371e8964977e59521966a5ad080f8459dc9d0c02027c11c4ef86245b29a9b6e0122d665e508446f3daa30a2b81e426495b30d1b5e555e
  languageName: node
  linkType: hard

"@tokenizer/token@npm:^0.3.0":
  version: 0.3.0
  resolution: "@tokenizer/token@npm:0.3.0"
  checksum: 1d575d02d2a9f0c5a4ca5180635ebd2ad59e0f18b42a65f3d04844148b49b3db35cf00b6012a1af2d59c2ab3caca59451c5689f747ba8667ee586ad717ee58e1
  languageName: node
  linkType: hard

"@types/node@npm:*, @types/node@npm:^18.0.0":
  version: 18.16.0
  resolution: "@types/node@npm:18.16.0"
  checksum: 63e0042136663b9e85ce503a4c65406cc6621fdba63ea66c74b4b1364a9aa9bdb57cadcb76696abab177f38a819b0fa6ace9e7f1647dcb990aedb1b4bd01012f
  languageName: node
  linkType: hard

"@types/retry@npm:0.12.0":
  version: 0.12.0
  resolution: "@types/retry@npm:0.12.0"
  checksum: 61a072c7639f6e8126588bf1eb1ce8835f2cb9c2aba795c4491cf6310e013267b0c8488039857c261c387e9728c1b43205099223f160bb6a76b4374f741b5603
  languageName: node
  linkType: hard

"@types/ws@npm:^8.5.4":
  version: 8.5.4
  resolution: "@types/ws@npm:8.5.4"
  dependencies:
    "@types/node": "*"
  checksum: fefbad20d211929bb996285c4e6f699b12192548afedbe4930ab4384f8a94577c9cd421acaad163cacd36b88649509970a05a0b8f20615b30c501ed5269038d1
  languageName: node
  linkType: hard

"ansi-regex@npm:^5.0.1":
  version: 5.0.1
  resolution: "ansi-regex@npm:5.0.1"
  checksum: 2aa4bb54caf2d622f1afdad09441695af2a83aa3fe8b8afa581d205e57ed4261c183c4d3877cee25794443fde5876417d859c108078ab788d6af7e4fe52eb66b
  languageName: node
  linkType: hard

"ansi-styles@npm:^4.0.0":
  version: 4.3.0
  resolution: "ansi-styles@npm:4.3.0"
  dependencies:
    color-convert: ^2.0.1
  checksum: 513b44c3b2105dd14cc42a19271e80f386466c4be574bccf60b627432f9198571ebf4ab1e4c3ba17347658f4ee1711c163d574248c0c1cdc2d5917a0ad582ec4
  languageName: node
  linkType: hard

"asynckit@npm:^0.4.0":
  version: 0.4.0
  resolution: "asynckit@npm:0.4.0"
  checksum: 7b78c451df768adba04e2d02e63e2d0bf3b07adcd6e42b4cf665cb7ce899bedd344c69a1dcbce355b5f972d597b25aaa1c1742b52cffd9caccb22f348114f6be
  languageName: node
  linkType: hard

"axios@npm:^0.26.0":
  version: 0.26.1
  resolution: "axios@npm:0.26.1"
  dependencies:
    follow-redirects: ^1.14.8
  checksum: d9eb58ff4bc0b36a04783fc9ff760e9245c829a5a1052ee7ca6013410d427036b1d10d04e7380c02f3508c5eaf3485b1ae67bd2adbfec3683704745c8d7a6e1a
  languageName: node
  linkType: hard

"binary-extensions@npm:^2.2.0":
  version: 2.2.0
  resolution: "binary-extensions@npm:2.2.0"
  checksum: ccd267956c58d2315f5d3ea6757cf09863c5fc703e50fbeb13a7dc849b812ef76e3cf9ca8f35a0c48498776a7478d7b4a0418e1e2b8cb9cb9731f2922aaad7f8
  languageName: node
  linkType: hard

"binary-search@npm:^1.3.5":
  version: 1.3.6
  resolution: "binary-search@npm:1.3.6"
  checksum: 2e6b3459a9c1ba1bd674a6a855a5ef7505f70707422244430e3510e989c0df6074a49fe60784a98b93b51545c9bcace1db1defee06ff861b124c036a2f2836bf
  languageName: node
  linkType: hard

"bountybot@workspace:.":
  version: 0.0.0-use.local
  resolution: "bountybot@workspace:."
  dependencies:
    "@llama-node/core": ^0.0.30
    "@llama-node/llama-cpp": ^0.0.30
    "@sern/handler": ^2.5.0
    "@types/node": ^18.0.0
    discord.js: ^14.7.1
    dotenv: ^16.0.3
    langchain: ^0.0.63
    llama-node: ^0.0.30
    node-cache: ^5.1.2
    typescript: ^4.9
  languageName: unknown
  linkType: soft

"browser-or-node@npm:^2.1.1":
  version: 2.1.1
  resolution: "browser-or-node@npm:2.1.1"
  checksum: b1650b579345574d2c1905c73d385915a032523066ef9589036cf129b23b27b85096b6713476dffb88feb83cda798ed0774363e699117aa2724a0409adea25aa
  languageName: node
  linkType: hard

"busboy@npm:^1.6.0":
  version: 1.6.0
  resolution: "busboy@npm:1.6.0"
  dependencies:
    streamsearch: ^1.1.0
  checksum: 32801e2c0164e12106bf236291a00795c3c4e4b709ae02132883fe8478ba2ae23743b11c5735a0aae8afe65ac4b6ca4568b91f0d9fed1fdbc32ede824a73746e
  languageName: node
  linkType: hard

"cliui@npm:^8.0.1":
  version: 8.0.1
  resolution: "cliui@npm:8.0.1"
  dependencies:
    string-width: ^4.2.0
    strip-ansi: ^6.0.1
    wrap-ansi: ^7.0.0
  checksum: 79648b3b0045f2e285b76fb2e24e207c6db44323581e421c3acbd0e86454cba1b37aea976ab50195a49e7384b871e6dfb2247ad7dec53c02454ac6497394cb56
  languageName: node
  linkType: hard

"clone@npm:2.x":
  version: 2.1.2
  resolution: "clone@npm:2.1.2"
  checksum: aaf106e9bc025b21333e2f4c12da539b568db4925c0501a1bf4070836c9e848c892fa22c35548ce0d1132b08bbbfa17a00144fe58fccdab6fa900fec4250f67d
  languageName: node
  linkType: hard

"color-convert@npm:^2.0.1":
  version: 2.0.1
  resolution: "color-convert@npm:2.0.1"
  dependencies:
    color-name: ~1.1.4
  checksum: 79e6bdb9fd479a205c71d89574fccfb22bd9053bd98c6c4d870d65c132e5e904e6034978e55b43d69fcaa7433af2016ee203ce76eeba9cfa554b373e7f7db336
  languageName: node
  linkType: hard

"color-name@npm:~1.1.4":
  version: 1.1.4
  resolution: "color-name@npm:1.1.4"
  checksum: b0445859521eb4021cd0fb0cc1a75cecf67fceecae89b63f62b201cca8d345baf8b952c966862a9d9a2632987d4f6581f0ec8d957dfacece86f0a7919316f610
  languageName: node
  linkType: hard

"combined-stream@npm:^1.0.8":
  version: 1.0.8
  resolution: "combined-stream@npm:1.0.8"
  dependencies:
    delayed-stream: ~1.0.0
  checksum: 49fa4aeb4916567e33ea81d088f6584749fc90c7abec76fd516bf1c5aa5c79f3584b5ba3de6b86d26ddd64bae5329c4c7479343250cfe71c75bb366eae53bb7c
  languageName: node
  linkType: hard

"cross-fetch@npm:^3.1.5":
  version: 3.1.5
  resolution: "cross-fetch@npm:3.1.5"
  dependencies:
    node-fetch: 2.6.7
  checksum: f6b8c6ee3ef993ace6277fd789c71b6acf1b504fd5f5c7128df4ef2f125a429e29cd62dc8c127523f04a5f2fa4771ed80e3f3d9695617f441425045f505cf3bb
  languageName: node
  linkType: hard

"delayed-stream@npm:~1.0.0":
  version: 1.0.0
  resolution: "delayed-stream@npm:1.0.0"
  checksum: 46fe6e83e2cb1d85ba50bd52803c68be9bd953282fa7096f51fc29edd5d67ff84ff753c51966061e5ba7cb5e47ef6d36a91924eddb7f3f3483b1c560f77a0020
  languageName: node
  linkType: hard

"discord-api-types@npm:^0.37.37":
  version: 0.37.40
  resolution: "discord-api-types@npm:0.37.40"
  checksum: d05ab85c10eeaed4b066e5b826adee8faf05d53c93234ece89c17ef7bf8ff967b9e1fb60f0b343475416910d898f1656f1b7afe33d9a001c2fd7e0245584b128
  languageName: node
  linkType: hard

"discord.js@npm:^14.7.1":
  version: 14.9.0
  resolution: "discord.js@npm:14.9.0"
  dependencies:
    "@discordjs/builders": ^1.6.0
    "@discordjs/collection": ^1.5.0
    "@discordjs/formatters": ^0.3.0
    "@discordjs/rest": ^1.7.0
    "@discordjs/util": ^0.2.0
    "@sapphire/snowflake": ^3.4.0
    "@types/ws": ^8.5.4
    discord-api-types: ^0.37.37
    fast-deep-equal: ^3.1.3
    lodash.snakecase: ^4.1.1
    tslib: ^2.5.0
    undici: ^5.21.0
    ws: ^8.13.0
  checksum: 34589830f771b238975cbabb82531db78756b1b132b6b296ad845bc93755cfee34e65febb638e1b77e9e68d9ce2362cd4d4057123c37909e1354d670b747cb71
  languageName: node
  linkType: hard

"dotenv@npm:^16.0.3":
  version: 16.0.3
  resolution: "dotenv@npm:16.0.3"
  checksum: afcf03f373d7a6d62c7e9afea6328e62851d627a4e73f2e12d0a8deae1cd375892004f3021883f8aec85932cd2834b091f568ced92b4774625b321db83b827f8
  languageName: node
  linkType: hard

"emoji-regex@npm:^8.0.0":
  version: 8.0.0
  resolution: "emoji-regex@npm:8.0.0"
  checksum: d4c5c39d5a9868b5fa152f00cada8a936868fd3367f33f71be515ecee4c803132d11b31a6222b2571b1e5f7e13890156a94880345594d0ce7e3c9895f560f192
  languageName: node
  linkType: hard

"escalade@npm:^3.1.1":
  version: 3.1.1
  resolution: "escalade@npm:3.1.1"
  checksum: a3e2a99f07acb74b3ad4989c48ca0c3140f69f923e56d0cba0526240ee470b91010f9d39001f2a4a313841d237ede70a729e92125191ba5d21e74b106800b133
  languageName: node
  linkType: hard

"eventemitter3@npm:^4.0.4":
  version: 4.0.7
  resolution: "eventemitter3@npm:4.0.7"
  checksum: 1875311c42fcfe9c707b2712c32664a245629b42bb0a5a84439762dd0fd637fc54d078155ea83c2af9e0323c9ac13687e03cfba79b03af9f40c89b4960099374
  languageName: node
  linkType: hard

"expr-eval@npm:^2.0.2":
  version: 2.0.2
  resolution: "expr-eval@npm:2.0.2"
  checksum: 01862f09b50b17b45a6268b1153280afede99e1b51752a323661f7f4010eaed34cd6c682bf439b7f8a92df6aa82f326f0ce0aa20964d175feee97377fe53921d
  languageName: node
  linkType: hard

"fast-deep-equal@npm:^3.1.3":
  version: 3.1.3
  resolution: "fast-deep-equal@npm:3.1.3"
  checksum: e21a9d8d84f53493b6aa15efc9cfd53dd5b714a1f23f67fb5dc8f574af80df889b3bce25dc081887c6d25457cce704e636395333abad896ccdec03abaf1f3f9d
  languageName: node
  linkType: hard

"file-type@npm:^18.2.1":
  version: 18.2.1
  resolution: "file-type@npm:18.2.1"
  dependencies:
    readable-web-to-node-stream: ^3.0.2
    strtok3: ^7.0.0
    token-types: ^5.0.1
  checksum: bbc9381292e96a72ecd892f9f5e1a9a8d3f9717955841346e55891acfe099135bfa149f7dad51f35ee52b5e7e0a1a02d7375061b2800758011682c2e9d96953e
  languageName: node
  linkType: hard

"flat@npm:^5.0.2":
  version: 5.0.2
  resolution: "flat@npm:5.0.2"
  bin:
    flat: cli.js
  checksum: 12a1536ac746db74881316a181499a78ef953632ddd28050b7a3a43c62ef5462e3357c8c29d76072bb635f147f7a9a1f0c02efef6b4be28f8db62ceb3d5c7f5d
  languageName: node
  linkType: hard

"follow-redirects@npm:^1.14.8":
  version: 1.15.2
  resolution: "follow-redirects@npm:1.15.2"
  peerDependenciesMeta:
    debug:
      optional: true
  checksum: faa66059b66358ba65c234c2f2a37fcec029dc22775f35d9ad6abac56003268baf41e55f9ee645957b32c7d9f62baf1f0b906e68267276f54ec4b4c597c2b190
  languageName: node
  linkType: hard

"form-data@npm:^4.0.0":
  version: 4.0.0
  resolution: "form-data@npm:4.0.0"
  dependencies:
    asynckit: ^0.4.0
    combined-stream: ^1.0.8
    mime-types: ^2.1.12
  checksum: 01135bf8675f9d5c61ff18e2e2932f719ca4de964e3be90ef4c36aacfc7b9cb2fceb5eca0b7e0190e3383fe51c5b37f4cb80b62ca06a99aaabfcfd6ac7c9328c
  languageName: node
  linkType: hard

"get-caller-file@npm:^2.0.5":
  version: 2.0.5
  resolution: "get-caller-file@npm:2.0.5"
  checksum: b9769a836d2a98c3ee734a88ba712e62703f1df31b94b784762c433c27a386dd6029ff55c2a920c392e33657d80191edbf18c61487e198844844516f843496b9
  languageName: node
  linkType: hard

"ieee754@npm:^1.2.1":
  version: 1.2.1
  resolution: "ieee754@npm:1.2.1"
  checksum: 5144c0c9815e54ada181d80a0b810221a253562422e7c6c3a60b1901154184f49326ec239d618c416c1c5945a2e197107aee8d986a3dd836b53dffefd99b5e7e
  languageName: node
  linkType: hard

"inherits@npm:^2.0.3":
  version: 2.0.4
  resolution: "inherits@npm:2.0.4"
  checksum: 4a48a733847879d6cf6691860a6b1e3f0f4754176e4d71494c41f3475553768b10f84b5ce1d40fbd0e34e6bfbb864ee35858ad4dd2cf31e02fc4a154b724d7f1
  languageName: node
  linkType: hard

"is-any-array@npm:^2.0.0":
  version: 2.0.0
  resolution: "is-any-array@npm:2.0.0"
  checksum: 911f060b89ee20f6648e967f4e673c5e553331c1bde4a2832e0b7b38f59acff347fa83010639a7859d16d07933eb812f7e882cb8bc7320576b307fe50c4801c8
  languageName: node
  linkType: hard

"is-fullwidth-code-point@npm:^3.0.0":
  version: 3.0.0
  resolution: "is-fullwidth-code-point@npm:3.0.0"
  checksum: 44a30c29457c7fb8f00297bce733f0a64cd22eca270f83e58c105e0d015e45c019491a4ab2faef91ab51d4738c670daff901c799f6a700e27f7314029e99e348
  languageName: node
  linkType: hard

"iti@npm:^0.6.0":
  version: 0.6.0
  resolution: "iti@npm:0.6.0"
  dependencies:
    utility-types: ^3.10.0
  checksum: 19e484aa8b00bf57642c73c56b658d06d70d7b5acf5725a6aca9948c6b3c8d1fab18d71fb25f482a13d8c6acac137799fa80e7dbdc97cc24ed5afc94f03811e3
  languageName: node
  linkType: hard

"jsonpointer@npm:^5.0.1":
  version: 5.0.1
  resolution: "jsonpointer@npm:5.0.1"
  checksum: 0b40f712900ad0c846681ea2db23b6684b9d5eedf55807b4708c656f5894b63507d0e28ae10aa1bddbea551241035afe62b6df0800fc94c2e2806a7f3adecd7c
  languageName: node
  linkType: hard

"langchain@npm:^0.0.63":
  version: 0.0.63
  resolution: "langchain@npm:0.0.63"
  dependencies:
    "@anthropic-ai/sdk": ^0.4.3
    "@dqbd/tiktoken": ^1.0.4
    binary-extensions: ^2.2.0
    browser-or-node: ^2.1.1
    expr-eval: ^2.0.2
    flat: ^5.0.2
    jsonpointer: ^5.0.1
    ml-distance: ^4.0.0
    object-hash: ^3.0.0
    openai: ^3.2.0
    p-queue: ^6.6.2
    p-retry: 4
    uuid: ^9.0.0
    yaml: ^2.2.1
    zod: ^3.21.4
    zod-to-json-schema: ^3.20.4
  peerDependencies:
    "@aws-sdk/client-lambda": ^3.310.0
    "@aws-sdk/client-s3": ^3.310.0
    "@getmetal/metal-sdk": "*"
    "@huggingface/inference": ^1.5.1
    "@opensearch-project/opensearch": "*"
    "@pinecone-database/pinecone": "*"
    "@supabase/supabase-js": ^2.10.0
    "@zilliz/milvus2-sdk-node": ^2.2.0
    axios: ^0.26.0
    cheerio: ^1.0.0-rc.12
    chromadb: ^1.4.0
    cohere-ai: ^5.0.2
    d3-dsv: ^2.0.0
    epub2: ^3.0.1
    hnswlib-node: ^1.4.2
    html-to-text: ^9.0.5
    mammoth: "*"
    mongodb: ^5.2.0
    pdf-parse: 1.1.1
    playwright: ^1.32.1
    puppeteer: ^19.7.2
    redis: ^4.6.4
    replicate: ^0.9.0
    srt-parser-2: ^1.2.2
    typeorm: ^0.3.12
    weaviate-ts-client: ^1.0.0
  peerDependenciesMeta:
    "@aws-sdk/client-lambda":
      optional: true
    "@aws-sdk/client-s3":
      optional: true
    "@getmetal/metal-sdk":
      optional: true
    "@huggingface/inference":
      optional: true
    "@opensearch-project/opensearch":
      optional: true
    "@pinecone-database/pinecone":
      optional: true
    "@supabase/supabase-js":
      optional: true
    "@zilliz/milvus2-sdk-node":
      optional: true
    axios:
      optional: true
    cheerio:
      optional: true
    chromadb:
      optional: true
    cohere-ai:
      optional: true
    d3-dsv:
      optional: true
    epub2:
      optional: true
    hnswlib-node:
      optional: true
    html-to-text:
      optional: true
    mammoth:
      optional: true
    mongodb:
      optional: true
    pdf-parse:
      optional: true
    playwright:
      optional: true
    puppeteer:
      optional: true
    redis:
      optional: true
    replicate:
      optional: true
    srt-parser-2:
      optional: true
    typeorm:
      optional: true
    weaviate-ts-client:
      optional: true
  checksum: 8feec3eabbc914d41bdb0776b4aa8d952f2008868c42b8955dea0c377b19167e3f556707121a3ad2e2f0f9b56993e595bdba8f74591c864fa9ef210796851d0d
  languageName: node
  linkType: hard

"llama-node@npm:^0.0.30":
  version: 0.0.30
  resolution: "llama-node@npm:0.0.30"
  dependencies:
    "@llama-node/cli": 0.0.30
    "@llama-node/core": 0.0.30
    "@llama-node/llama-cpp": 0.0.30
  peerDependencies:
    "@llama-node/cli": 0.0.30
    "@llama-node/core": 0.0.30
    "@llama-node/llama-cpp": 0.0.30
  dependenciesMeta:
    "@llama-node/core":
      optional: true
    "@llama-node/llama-cpp":
      optional: true
  checksum: 3417674f59becbf2331b2a860afefa7dae7b09c2f8c48aae8ca57095dd48bbd379503e7d2fdcea3ba4d5dbd6f6bcdb050722698df449786c6fd9cf8fa229cf32
  languageName: node
  linkType: hard

"lodash.snakecase@npm:^4.1.1":
  version: 4.1.1
  resolution: "lodash.snakecase@npm:4.1.1"
  checksum: 1685ed3e83dda6eae5a4dcaee161a51cd210aabb3e1c09c57150e7dd8feda19e4ca0d27d0631eabe8d0f4eaa51e376da64e8c018ae5415417c5890d42feb72a8
  languageName: node
  linkType: hard

"lodash@npm:^4.17.21":
  version: 4.17.21
  resolution: "lodash@npm:4.17.21"
  checksum: eb835a2e51d381e561e508ce932ea50a8e5a68f4ebdd771ea240d3048244a8d13658acbd502cd4829768c56f2e16bdd4340b9ea141297d472517b83868e677f7
  languageName: node
  linkType: hard

"mime-db@npm:1.52.0":
  version: 1.52.0
  resolution: "mime-db@npm:1.52.0"
  checksum: 0d99a03585f8b39d68182803b12ac601d9c01abfa28ec56204fa330bc9f3d1c5e14beb049bafadb3dbdf646dfb94b87e24d4ec7b31b7279ef906a8ea9b6a513f
  languageName: node
  linkType: hard

"mime-types@npm:^2.1.12":
  version: 2.1.35
  resolution: "mime-types@npm:2.1.35"
  dependencies:
    mime-db: 1.52.0
  checksum: 89a5b7f1def9f3af5dad6496c5ed50191ae4331cc5389d7c521c8ad28d5fdad2d06fd81baf38fed813dc4e46bb55c8145bb0ff406330818c9cf712fb2e9b3836
  languageName: node
  linkType: hard

"ml-array-mean@npm:^1.1.6":
  version: 1.1.6
  resolution: "ml-array-mean@npm:1.1.6"
  dependencies:
    ml-array-sum: ^1.1.6
  checksum: 81999dac8bad3bf2dafb23a9bc71883879b9d55889e48d00b91dd4a2568957a6f5373632ae57324760d1e1d7d29ad45ab4ea7ae32de67ce144d57a21e36dd9c2
  languageName: node
  linkType: hard

"ml-array-sum@npm:^1.1.6":
  version: 1.1.6
  resolution: "ml-array-sum@npm:1.1.6"
  dependencies:
    is-any-array: ^2.0.0
  checksum: 369dbb3681e3f8b0d0facba9fcfc981656dac49a80924859c3ed8f0a5880fb6db2d6e534f8b7b9c3cda59248152e61b27d6419d19c69539de7c3aa6aea3094eb
  languageName: node
  linkType: hard

"ml-distance-euclidean@npm:^2.0.0":
  version: 2.0.0
  resolution: "ml-distance-euclidean@npm:2.0.0"
  checksum: e31f98a947ce6971c35d74e6d2521800f0d219efb34c78b20b5f52debd206008d52e677685c09839e6bab5d2ed233aa009314236e4e548d5fafb60f2f71e2b3e
  languageName: node
  linkType: hard

"ml-distance@npm:^4.0.0":
  version: 4.0.0
  resolution: "ml-distance@npm:4.0.0"
  dependencies:
    ml-array-mean: ^1.1.6
    ml-distance-euclidean: ^2.0.0
    ml-tree-similarity: ^1.0.0
  checksum: 37d07d52c5f1d185833336d73764e97dcdf8abe37e276fd6a3f7d536cf373e7cbfd6497f433192bd7d100b0b95518a616a8ae6df53b74c5b0d5fbfa7a971ae4d
  languageName: node
  linkType: hard

"ml-tree-similarity@npm:^1.0.0":
  version: 1.0.0
  resolution: "ml-tree-similarity@npm:1.0.0"
  dependencies:
    binary-search: ^1.3.5
    num-sort: ^2.0.0
  checksum: f99e217dc94acf75c089469dc3c278f388146e43c82212160b6b75daa14309902f84eb0a00c67d502fc79dc171cf15a33d392326e024b2e89881adc585d15513
  languageName: node
  linkType: hard

"node-cache@npm:^5.1.2":
  version: 5.1.2
  resolution: "node-cache@npm:5.1.2"
  dependencies:
    clone: 2.x
  checksum: b0bdd81a6fee4754fb984a05246b510bb35dc54721116d465899bf4229ee3287fdafb47da526900ee9924fb402ed5c7d8050049d37d8bf2d26dbafc23a2c3205
  languageName: node
  linkType: hard

"node-fetch@npm:2.6.7":
  version: 2.6.7
  resolution: "node-fetch@npm:2.6.7"
  dependencies:
    whatwg-url: ^5.0.0
  peerDependencies:
    encoding: ^0.1.0
  peerDependenciesMeta:
    encoding:
      optional: true
  checksum: 8d816ffd1ee22cab8301c7756ef04f3437f18dace86a1dae22cf81db8ef29c0bf6655f3215cb0cdb22b420b6fe141e64b26905e7f33f9377a7fa59135ea3e10b
  languageName: node
  linkType: hard

"num-sort@npm:^2.0.0":
  version: 2.1.0
  resolution: "num-sort@npm:2.1.0"
  checksum: 5a80cd0456c8847f71fb80ad3c3596714cebede76de585aa4fed2b9a4fb0907631edca1f7bb31c24dbb9928b66db3d03059994cc365d2ae011b80ddddac28f6e
  languageName: node
  linkType: hard

"object-hash@npm:^3.0.0":
  version: 3.0.0
  resolution: "object-hash@npm:3.0.0"
  checksum: 80b4904bb3857c52cc1bfd0b52c0352532ca12ed3b8a6ff06a90cd209dfda1b95cee059a7625eb9da29537027f68ac4619363491eedb2f5d3dddbba97494fd6c
  languageName: node
  linkType: hard

"openai@npm:^3.2.0":
  version: 3.2.1
  resolution: "openai@npm:3.2.1"
  dependencies:
    axios: ^0.26.0
    form-data: ^4.0.0
  checksum: ef3942e9b527cf27273c4355bb8fb9ebd94ae3a88c12eec0ac51c4ef0ad8c18864683759471597390816bcd822bdc9f2f1cea7a3eb1e432c9101f568f7c6d19a
  languageName: node
  linkType: hard

"p-finally@npm:^1.0.0":
  version: 1.0.0
  resolution: "p-finally@npm:1.0.0"
  checksum: 93a654c53dc805dd5b5891bab16eb0ea46db8f66c4bfd99336ae929323b1af2b70a8b0654f8f1eae924b2b73d037031366d645f1fd18b3d30cbd15950cc4b1d4
  languageName: node
  linkType: hard

"p-queue@npm:^6.6.2":
  version: 6.6.2
  resolution: "p-queue@npm:6.6.2"
  dependencies:
    eventemitter3: ^4.0.4
    p-timeout: ^3.2.0
  checksum: 832642fcc4ab6477b43e6d7c30209ab10952969ed211c6d6f2931be8a4f9935e3578c72e8cce053dc34f2eb6941a408a2c516a54904e989851a1a209cf19761c
  languageName: node
  linkType: hard

"p-retry@npm:4":
  version: 4.6.2
  resolution: "p-retry@npm:4.6.2"
  dependencies:
    "@types/retry": 0.12.0
    retry: ^0.13.1
  checksum: 45c270bfddaffb4a895cea16cb760dcc72bdecb6cb45fef1971fa6ea2e91ddeafddefe01e444ac73e33b1b3d5d29fb0dd18a7effb294262437221ddc03ce0f2e
  languageName: node
  linkType: hard

"p-timeout@npm:^3.2.0":
  version: 3.2.0
  resolution: "p-timeout@npm:3.2.0"
  dependencies:
    p-finally: ^1.0.0
  checksum: 3dd0eaa048780a6f23e5855df3dd45c7beacff1f820476c1d0d1bcd6648e3298752ba2c877aa1c92f6453c7dd23faaf13d9f5149fc14c0598a142e2c5e8d649c
  languageName: node
  linkType: hard

"peek-readable@npm:^5.0.0":
  version: 5.0.0
  resolution: "peek-readable@npm:5.0.0"
  checksum: bef5ceb50586eb42e14efba274ac57ffe97f0ed272df9239ce029f688f495d9bf74b2886fa27847c706a9db33acda4b7d23bbd09a2d21eb4c2a54da915117414
  languageName: node
  linkType: hard

"readable-stream@npm:^3.6.0":
  version: 3.6.2
  resolution: "readable-stream@npm:3.6.2"
  dependencies:
    inherits: ^2.0.3
    string_decoder: ^1.1.1
    util-deprecate: ^1.0.1
  checksum: bdcbe6c22e846b6af075e32cf8f4751c2576238c5043169a1c221c92ee2878458a816a4ea33f4c67623c0b6827c8a400409bfb3cf0bf3381392d0b1dfb52ac8d
  languageName: node
  linkType: hard

"readable-web-to-node-stream@npm:^3.0.2":
  version: 3.0.2
  resolution: "readable-web-to-node-stream@npm:3.0.2"
  dependencies:
    readable-stream: ^3.6.0
  checksum: 8c56cc62c68513425ddfa721954875b382768f83fa20e6b31e365ee00cbe7a3d6296f66f7f1107b16cd3416d33aa9f1680475376400d62a081a88f81f0ea7f9c
  languageName: node
  linkType: hard

"require-directory@npm:^2.1.1":
  version: 2.1.1
  resolution: "require-directory@npm:2.1.1"
  checksum: fb47e70bf0001fdeabdc0429d431863e9475e7e43ea5f94ad86503d918423c1543361cc5166d713eaa7029dd7a3d34775af04764bebff99ef413111a5af18c80
  languageName: node
  linkType: hard

"retry@npm:^0.13.1":
  version: 0.13.1
  resolution: "retry@npm:0.13.1"
  checksum: 47c4d5be674f7c13eee4cfe927345023972197dbbdfba5d3af7e461d13b44de1bfd663bfc80d2f601f8ef3fc8164c16dd99655a221921954a65d044a2fc1233b
  languageName: node
  linkType: hard

"rxjs@npm:^7.8.0":
  version: 7.8.0
  resolution: "rxjs@npm:7.8.0"
  dependencies:
    tslib: ^2.1.0
  checksum: 61b4d4fd323c1043d8d6ceb91f24183b28bcf5def4f01ca111511d5c6b66755bc5578587fe714ef5d67cf4c9f2e26f4490d4e1d8cabf9bd5967687835e9866a2
  languageName: node
  linkType: hard

"safe-buffer@npm:~5.2.0":
  version: 5.2.1
  resolution: "safe-buffer@npm:5.2.1"
  checksum: b99c4b41fdd67a6aaf280fcd05e9ffb0813654894223afb78a31f14a19ad220bba8aba1cb14eddce1fcfb037155fe6de4e861784eb434f7d11ed58d1e70dd491
  languageName: node
  linkType: hard

"streamsearch@npm:^1.1.0":
  version: 1.1.0
  resolution: "streamsearch@npm:1.1.0"
  checksum: 1cce16cea8405d7a233d32ca5e00a00169cc0e19fbc02aa839959985f267335d435c07f96e5e0edd0eadc6d39c98d5435fb5bbbdefc62c41834eadc5622ad942
  languageName: node
  linkType: hard

"string-width@npm:^4.1.0, string-width@npm:^4.2.0, string-width@npm:^4.2.3":
  version: 4.2.3
  resolution: "string-width@npm:4.2.3"
  dependencies:
    emoji-regex: ^8.0.0
    is-fullwidth-code-point: ^3.0.0
    strip-ansi: ^6.0.1
  checksum: e52c10dc3fbfcd6c3a15f159f54a90024241d0f149cf8aed2982a2d801d2e64df0bf1dc351cf8e95c3319323f9f220c16e740b06faecd53e2462df1d2b5443fb
  languageName: node
  linkType: hard

"string_decoder@npm:^1.1.1":
  version: 1.3.0
  resolution: "string_decoder@npm:1.3.0"
  dependencies:
    safe-buffer: ~5.2.0
  checksum: 8417646695a66e73aefc4420eb3b84cc9ffd89572861fe004e6aeb13c7bc00e2f616247505d2dbbef24247c372f70268f594af7126f43548565c68c117bdeb56
  languageName: node
  linkType: hard

"strip-ansi@npm:^6.0.0, strip-ansi@npm:^6.0.1":
  version: 6.0.1
  resolution: "strip-ansi@npm:6.0.1"
  dependencies:
    ansi-regex: ^5.0.1
  checksum: f3cd25890aef3ba6e1a74e20896c21a46f482e93df4a06567cebf2b57edabb15133f1f94e57434e0a958d61186087b1008e89c94875d019910a213181a14fc8c
  languageName: node
  linkType: hard

"strtok3@npm:^7.0.0":
  version: 7.0.0
  resolution: "strtok3@npm:7.0.0"
  dependencies:
    "@tokenizer/token": ^0.3.0
    peek-readable: ^5.0.0
  checksum: 2ebe7ad8f2aea611dec6742cf6a42e82764892a362907f7ce493faf334501bf981ce21c828dcc300457e6d460dc9c34d644ededb3b01dcb9e37559203cf1748c
  languageName: node
  linkType: hard

"token-types@npm:^5.0.1":
  version: 5.0.1
  resolution: "token-types@npm:5.0.1"
  dependencies:
    "@tokenizer/token": ^0.3.0
    ieee754: ^1.2.1
  checksum: 32780123bc6ce8b6a2231d860445c994a02a720abf38df5583ea957aa6626873cd1c4dd8af62314da4cf16ede00c379a765707a3b06f04b8808c38efdae1c785
  languageName: node
  linkType: hard

"tr46@npm:~0.0.3":
  version: 0.0.3
  resolution: "tr46@npm:0.0.3"
  checksum: 726321c5eaf41b5002e17ffbd1fb7245999a073e8979085dacd47c4b4e8068ff5777142fc6726d6ca1fd2ff16921b48788b87225cbc57c72636f6efa8efbffe3
  languageName: node
  linkType: hard

"ts-mixer@npm:^6.0.3":
  version: 6.0.3
  resolution: "ts-mixer@npm:6.0.3"
  checksum: 7fbaba0a413bf817835a6a23d46bccf4192dd4d7345b6bae9d594c88acffac35bf4995ef3cce753090c8abcdf2afd16dba8899365584a1f960ccc2a15bf2e2d6
  languageName: node
  linkType: hard

"ts-results-es@npm:^3.6.0":
  version: 3.6.0
  resolution: "ts-results-es@npm:3.6.0"
  checksum: 28593545cad764efce2de64b09037f855c3bbd499e3f5e2683863c86abc9b4453e5aa7d651edff93d42340a2c24f8bbabcf92467fcec767e09bbeeac01e97396
  languageName: node
  linkType: hard

"tslib@npm:^2.1.0, tslib@npm:^2.5.0":
  version: 2.5.0
  resolution: "tslib@npm:2.5.0"
  checksum: ae3ed5f9ce29932d049908ebfdf21b3a003a85653a9a140d614da6b767a93ef94f460e52c3d787f0e4f383546981713f165037dc2274df212ea9f8a4541004e1
  languageName: node
  linkType: hard

"typescript@npm:^4.9":
  version: 4.9.5
  resolution: "typescript@npm:4.9.5"
  bin:
    tsc: bin/tsc
    tsserver: bin/tsserver
  checksum: ee000bc26848147ad423b581bd250075662a354d84f0e06eb76d3b892328d8d4440b7487b5a83e851b12b255f55d71835b008a66cbf8f255a11e4400159237db
  languageName: node
  linkType: hard

"typescript@patch:typescript@^4.9#~builtin<compat/typescript>":
  version: 4.9.5
  resolution: "typescript@patch:typescript@npm%3A4.9.5#~builtin<compat/typescript>::version=4.9.5&hash=23ec76"
  bin:
    tsc: bin/tsc
    tsserver: bin/tsserver
  checksum: ab417a2f398380c90a6cf5a5f74badd17866adf57f1165617d6a551f059c3ba0a3e4da0d147b3ac5681db9ac76a303c5876394b13b3de75fdd5b1eaa06181c9d
  languageName: node
  linkType: hard

"undici@npm:^5.21.0":
  version: 5.22.0
  resolution: "undici@npm:5.22.0"
  dependencies:
    busboy: ^1.6.0
  checksum: 8dc55240a60ae7680798df344e8f46ad0f872ed0fa434fb94cc4fd2b5b2f8053bdf11994d15902999d3880f9bf7cd875a2e90883d2702bf0f366dacd9cbf3fc6
  languageName: node
  linkType: hard

"util-deprecate@npm:^1.0.1":
  version: 1.0.2
  resolution: "util-deprecate@npm:1.0.2"
  checksum: 474acf1146cb2701fe3b074892217553dfcf9a031280919ba1b8d651a068c9b15d863b7303cb15bd00a862b498e6cf4ad7b4a08fb134edd5a6f7641681cb54a2
  languageName: node
  linkType: hard

"utility-types@npm:^3.10.0":
  version: 3.10.0
  resolution: "utility-types@npm:3.10.0"
  checksum: 8f274415c6196ab62883b8bd98c9d2f8829b58016e4269aaa1ebd84184ac5dda7dc2ca45800c0d5e0e0650966ba063bf9a412aaeaea6850ca4440a391283d5c8
  languageName: node
  linkType: hard

"uuid@npm:^9.0.0":
  version: 9.0.0
  resolution: "uuid@npm:9.0.0"
  bin:
    uuid: dist/bin/uuid
  checksum: 8dd2c83c43ddc7e1c71e36b60aea40030a6505139af6bee0f382ebcd1a56f6cd3028f7f06ffb07f8cf6ced320b76aea275284b224b002b289f89fe89c389b028
  languageName: node
  linkType: hard

"webidl-conversions@npm:^3.0.0":
  version: 3.0.1
  resolution: "webidl-conversions@npm:3.0.1"
  checksum: c92a0a6ab95314bde9c32e1d0a6dfac83b578f8fa5f21e675bc2706ed6981bc26b7eb7e6a1fab158e5ce4adf9caa4a0aee49a52505d4d13c7be545f15021b17c
  languageName: node
  linkType: hard

"whatwg-url@npm:^5.0.0":
  version: 5.0.0
  resolution: "whatwg-url@npm:5.0.0"
  dependencies:
    tr46: ~0.0.3
    webidl-conversions: ^3.0.0
  checksum: b8daed4ad3356cc4899048a15b2c143a9aed0dfae1f611ebd55073310c7b910f522ad75d727346ad64203d7e6c79ef25eafd465f4d12775ca44b90fa82ed9e2c
  languageName: node
  linkType: hard

"wrap-ansi@npm:^7.0.0":
  version: 7.0.0
  resolution: "wrap-ansi@npm:7.0.0"
  dependencies:
    ansi-styles: ^4.0.0
    string-width: ^4.1.0
    strip-ansi: ^6.0.0
  checksum: a790b846fd4505de962ba728a21aaeda189b8ee1c7568ca5e817d85930e06ef8d1689d49dbf0e881e8ef84436af3a88bc49115c2e2788d841ff1b8b5b51a608b
  languageName: node
  linkType: hard

"ws@npm:^8.13.0":
  version: 8.13.0
  resolution: "ws@npm:8.13.0"
  peerDependencies:
    bufferutil: ^4.0.1
    utf-8-validate: ">=5.0.2"
  peerDependenciesMeta:
    bufferutil:
      optional: true
    utf-8-validate:
      optional: true
  checksum: 53e991bbf928faf5dc6efac9b8eb9ab6497c69feeb94f963d648b7a3530a720b19ec2e0ec037344257e05a4f35bd9ad04d9de6f289615ffb133282031b18c61c
  languageName: node
  linkType: hard

"y18n@npm:^5.0.5":
  version: 5.0.8
  resolution: "y18n@npm:5.0.8"
  checksum: 54f0fb95621ee60898a38c572c515659e51cc9d9f787fb109cef6fde4befbe1c4602dc999d30110feee37456ad0f1660fa2edcfde6a9a740f86a290999550d30
  languageName: node
  linkType: hard

"yaml@npm:^2.2.1":
  version: 2.2.2
  resolution: "yaml@npm:2.2.2"
  checksum: d90c235e099e30094dcff61ba3350437aef53325db4a6bcd04ca96e1bfe7e348b191f6a7a52b5211e2dbc4eeedb22a00b291527da030de7c189728ef3f2b4eb3
  languageName: node
  linkType: hard

"yargs-parser@npm:^21.1.1":
  version: 21.1.1
  resolution: "yargs-parser@npm:21.1.1"
  checksum: ed2d96a616a9e3e1cc7d204c62ecc61f7aaab633dcbfab2c6df50f7f87b393993fe6640d017759fe112d0cb1e0119f2b4150a87305cc873fd90831c6a58ccf1c
  languageName: node
  linkType: hard

"yargs@npm:^17.7.1":
  version: 17.7.1
  resolution: "yargs@npm:17.7.1"
  dependencies:
    cliui: ^8.0.1
    escalade: ^3.1.1
    get-caller-file: ^2.0.5
    require-directory: ^2.1.1
    string-width: ^4.2.3
    y18n: ^5.0.5
    yargs-parser: ^21.1.1
  checksum: 3d8a43c336a4942bc68080768664aca85c7bd406f018bad362fd255c41c8f4e650277f42fd65d543fce99e084124ddafee7bbfc1a5c6a8fda4cec78609dcf8d4
  languageName: node
  linkType: hard

"zod-to-json-schema@npm:^3.20.4":
  version: 3.20.4
  resolution: "zod-to-json-schema@npm:3.20.4"
  peerDependencies:
    zod: ^3.20.0
  checksum: 55bc649dbc82ce25fbfbfdd42ca530d883d83be5d02cb81e89f6401d54bca151fc6b8cc57999c75eb6a3dcaa3f000697315fbd4f505637472621570ed52784d8
  languageName: node
  linkType: hard

"zod@npm:^3.21.4":
  version: 3.21.4
  resolution: "zod@npm:3.21.4"
  checksum: f185ba87342ff16f7a06686767c2b2a7af41110c7edf7c1974095d8db7a73792696bcb4a00853de0d2edeb34a5b2ea6a55871bc864227dace682a0a28de33e1f
  languageName: node
  linkType: hard
